
Microsoft Visual Studio Solution File, Format Version 12.00
# Visual Studio Version 17
VisualStudioVersion = 17.5.002.0
MinimumVisualStudioVersion = 10.0.40219.1
Project("{2150E333-8FDC-42A3-9474-1A3956D46DE8}") = "csharp-prep", "csharp-prep", "{F133B2AF-81F5-4039-9274-09177CFF704F}"
EndProject
Project("{9A19103F-16F7-4668-BE54-9A1E7A4F7556}") = "Prep1", "csharp-prep\Prep1\Prep1.csproj", "{A897610A-1B9E-46B2-81A7-4E55BC390273}"
EndProject
Project("{9A19103F-16F7-4668-BE54-9A1E7A4F7556}") = "Prep2", "csharp-prep\Prep2\Prep2.csproj", "{FDE4F375-B55A-435D-B9B2-0E9E0360488F}"
EndProject
Project("{9A19103F-16F7-4668-BE54-9A1E7A4F7556}") = "Prep3", "csharp-prep\Prep3\Prep3.csproj", "{641136C9-6DFF-4F48-862C-B62733D9FA10}"
EndProject
Project("{9A19103F-16F7-4668-BE54-9A1E7A4F7556}") = "Prep4", "csharp-prep\Prep4\Prep4.csproj", "{5784A0AB-4D18-4D3C-808C-D0227C24B9A8}"
EndProject
Project("{9A19103F-16F7-4668-BE54-9A1E7A4F7556}") = "Prep5", "csharp-prep\Prep5\Prep5.csproj", "{4EC7857C-9FF6-4333-B914-0F4B03737173}"
EndProject
Project("{2150E333-8FDC-42A3-9474-1A3956D46DE8}") = "final", "final", "{5BD291F5-E06F-4B6E-BD25-DA6A71E33A4E}"
EndProject
Project("{9A19103F-16F7-4668-BE54-9A1E7A4F7556}") = "FinalProject", "final\FinalProject\FinalProject.csproj", "{5AAD9A29-1783-436D-8DB9-596CAFBDB9DB}"
EndProject
Project("{9A19103F-16F7-4668-BE54-9A1E7A4F7556}") = "Foundation1", "final\Foundation1\Foundation1.csproj", "{5F73750E-0B1E-4CED-A4F7-B6B9AF3DE8AD}"
EndProject
Project("{9A19103F-16F7-4668-BE54-9A1E7A4F7556}") = "Foundation2", "final\Foundation2\Foundation2.csproj", "{32A6076B-49E2-4201-9FDD-CF9AE604629A}"
EndProject
Project("{9A19103F-16F7-4668-BE54-9A1E7A4F7556}") = "Foundation3", "final\Foundation3\Foundation3.csproj", "{4980ACD0-00A0-4E63-91DC-35D1555C7E29}"
EndProject
Project("{9A19103F-16F7-4668-BE54-9A1E7A4F7556}") = "Foundation4", "final\Foundation4\Foundation4.csproj", "{545C047E-36C2-4A5E-B37E-B5DD5FFA35E0}"
EndProject
Project("{2150E333-8FDC-42A3-9474-1A3956D46DE8}") = "prepare", "prepare", "{98D34F29-CB95-4835-A976-6002000F4C5D}"
EndProject
Project("{9A19103F-16F7-4668-BE54-9A1E7A4F7556}") = "Learning02", "prepare\Learning02\Learning02.csproj", "{9EB36E03-C253-4A4D-AB7B-7E8EDF334EB0}"
EndProject
Project("{9A19103F-16F7-4668-BE54-9A1E7A4F7556}") = "Learning03", "prepare\Learning03\Learning03.csproj", "{9B128D13-5443-4CF1-9859-760C2098A93E}"
EndProject
Project("{9A19103F-16F7-4668-BE54-9A1E7A4F7556}") = "Learning04", "prepare\Learning04\Learning04.csproj", "{182E4D57-5937-4921-99A6-839A245705FF}"
EndProject
Project("{9A19103F-16F7-4668-BE54-9A1E7A4F7556}") = "Learning05", "prepare\Learning05\Learning05.csproj", "{537A2FF6-D1D0-48C3-81D3-800C198BC321}"
EndProject
Project("{2150E333-8FDC-42A3-9474-1A3956D46DE8}") = "prove", "prove", "{3F279B06-572A-4412-BF04-9ABD29870C63}"
EndProject
Project("{9A19103F-16F7-4668-BE54-9A1E7A4F7556}") = "Develop02", "prove\Develop02\Develop02.csproj", "{2885BF30-F13D-4394-9FF9-E5441131B91A}"
EndProject
Project("{9A19103F-16F7-4668-BE54-9A1E7A4F7556}") = "Develop03", "prove\Develop03\Develop03.csproj", "{CC51DC75-66D1-4CE9-84B8-C69437D7685F}"
EndProject
Project("{9A19103F-16F7-4668-BE54-9A1E7A4F7556}") = "Develop04", "prove\Develop04\Develop04.csproj", "{10CC1B31-A991-4E22-BB9E-596074A1D66D}"
EndProject
Project("{9A19103F-16F7-4668-BE54-9A1E7A4F7556}") = "Develop05", "prove\Develop05\Develop05.csproj", "{1C053845-96E5-4AC3-926A-C2EEBAAE68D6}"
EndProject
Project("{2150E333-8FDC-42A3-9474-1A3956D46DE8}") = "sandbox", "sandbox", "{D4F59FEA-567A-4C51-98E2-9662AE6EB9FD}"
EndProject
Project("{9A19103F-16F7-4668-BE54-9A1E7A4F7556}") = "Sandbox", "sandbox\Sandbox\Sandbox.csproj", "{D6F332C1-C0D6-4474-A819-DF8DA4950AA4}"
EndProject
Global
	GlobalSection(SolutionConfigurationPlatforms) = preSolution
		Debug|Any CPU = Debug|Any CPU
		Release|Any CPU = Release|Any CPU
	EndGlobalSection
	GlobalSection(ProjectConfigurationPlatforms) = postSolution
		{A897610A-1B9E-46B2-81A7-4E55BC390273}.Debug|Any CPU.ActiveCfg = Debug|Any CPU
		{A897610A-1B9E-46B2-81A7-4E55BC390273}.Debug|Any CPU.Build.0 = Debug|Any CPU
		{A897610A-1B9E-46B2-81A7-4E55BC390273}.Release|Any CPU.ActiveCfg = Release|Any CPU
		{A897610A-1B9E-46B2-81A7-4E55BC390273}.Release|Any CPU.Build.0 = Release|Any CPU
		{FDE4F375-B55A-435D-B9B2-0E9E0360488F}.Debug|Any CPU.ActiveCfg = Debug|Any CPU
		{FDE4F375-B55A-435D-B9B2-0E9E0360488F}.Debug|Any CPU.Build.0 = Debug|Any CPU
		{FDE4F375-B55A-435D-B9B2-0E9E0360488F}.Release|Any CPU.ActiveCfg = Release|Any CPU
		{FDE4F375-B55A-435D-B9B2-0E9E0360488F}.Release|Any CPU.Build.0 = Release|Any CPU
		{641136C9-6DFF-4F48-862C-B62733D9FA10}.Debug|Any CPU.ActiveCfg = Debug|Any CPU
		{641136C9-6DFF-4F48-862C-B62733D9FA10}.Debug|Any CPU.Build.0 = Debug|Any CPU
		{641136C9-6DFF-4F48-862C-B62733D9FA10}.Release|Any CPU.ActiveCfg = Release|Any CPU
		{641136C9-6DFF-4F48-862C-B62733D9FA10}.Release|Any CPU.Build.0 = Release|Any CPU
		{5784A0AB-4D18-4D3C-808C-D0227C24B9A8}.Debug|Any CPU.ActiveCfg = Debug|Any CPU
		{5784A0AB-4D18-4D3C-808C-D0227C24B9A8}.Debug|Any CPU.Build.0 = Debug|Any CPU
		{5784A0AB-4D18-4D3C-808C-D0227C24B9A8}.Release|Any CPU.ActiveCfg = Release|Any CPU
		{5784A0AB-4D18-4D3C-808C-D0227C24B9A8}.Release|Any CPU.Build.0 = Release|Any CPU
		{4EC7857C-9FF6-4333-B914-0F4B03737173}.Debug|Any CPU.ActiveCfg = Debug|Any CPU
		{4EC7857C-9FF6-4333-B914-0F4B03737173}.Debug|Any CPU.Build.0 = Debug|Any CPU
		{4EC7857C-9FF6-4333-B914-0F4B03737173}.Release|Any CPU.ActiveCfg = Release|Any CPU
		{4EC7857C-9FF6-4333-B914-0F4B03737173}.Release|Any CPU.Build.0 = Release|Any CPU
		{5AAD9A29-1783-436D-8DB9-596CAFBDB9DB}.Debug|Any CPU.ActiveCfg = Debug|Any CPU
		{5AAD9A29-1783-436D-8DB9-596CAFBDB9DB}.Debug|Any CPU.Build.0 = Debug|Any CPU
		{5AAD9A29-1783-436D-8DB9-596CAFBDB9DB}.Release|Any CPU.ActiveCfg = Release|Any CPU
		{5AAD9A29-1783-436D-8DB9-596CAFBDB9DB}.Release|Any CPU.Build.0 = Release|Any CPU
		{5F73750E-0B1E-4CED-A4F7-B6B9AF3DE8AD}.Debug|Any CPU.ActiveCfg = Debug|Any CPU
		{5F73750E-0B1E-4CED-A4F7-B6B9AF3DE8AD}.Debug|Any CPU.Build.0 = Debug|Any CPU
		{5F73750E-0B1E-4CED-A4F7-B6B9AF3DE8AD}.Release|Any CPU.ActiveCfg = Release|Any CPU
		{5F73750E-0B1E-4CED-A4F7-B6B9AF3DE8AD}.Release|Any CPU.Build.0 = Release|Any CPU
		{32A6076B-49E2-4201-9FDD-CF9AE604629A}.Debug|Any CPU.ActiveCfg = Debug|Any CPU
		{32A6076B-49E2-4201-9FDD-CF9AE604629A}.Debug|Any CPU.Build.0 = Debug|Any CPU
		{32A6076B-49E2-4201-9FDD-CF9AE604629A}.Release|Any CPU.ActiveCfg = Release|Any CPU
		{32A6076B-49E2-4201-9FDD-CF9AE604629A}.Release|Any CPU.Build.0 = Release|Any CPU
		{4980ACD0-00A0-4E63-91DC-35D1555C7E29}.Debug|Any CPU.ActiveCfg = Debug|Any CPU
		{4980ACD0-00A0-4E63-91DC-35D1555C7E29}.Debug|Any CPU.Build.0 = Debug|Any CPU
		{4980ACD0-00A0-4E63-91DC-35D1555C7E29}.Release|Any CPU.ActiveCfg = Release|Any CPU
		{4980ACD0-00A0-4E63-91DC-35D1555C7E29}.Release|Any CPU.Build.0 = Release|Any CPU
		{545C047E-36C2-4A5E-B37E-B5DD5FFA35E0}.Debug|Any CPU.ActiveCfg = Debug|Any CPU
		{545C047E-36C2-4A5E-B37E-B5DD5FFA35E0}.Debug|Any CPU.Build.0 = Debug|Any CPU
		{545C047E-36C2-4A5E-B37E-B5DD5FFA35E0}.Release|Any CPU.ActiveCfg = Release|Any CPU
		{545C047E-36C2-4A5E-B37E-B5DD5FFA35E0}.Release|Any CPU.Build.0 = Release|Any CPU
		{9EB36E03-C253-4A4D-AB7B-7E8EDF334EB0}.Debug|Any CPU.ActiveCfg = Debug|Any CPU
		{9EB36E03-C253-4A4D-AB7B-7E8EDF334EB0}.Debug|Any CPU.Build.0 = Debug|Any CPU
		{9EB36E03-C253-4A4D-AB7B-7E8EDF334EB0}.Release|Any CPU.ActiveCfg = Release|Any CPU
		{9EB36E03-C253-4A4D-AB7B-7E8EDF334EB0}.Release|Any CPU.Build.0 = Release|Any CPU
		{9B128D13-5443-4CF1-9859-760C2098A93E}.Debug|Any CPU.ActiveCfg = Debug|Any CPU
		{9B128D13-5443-4CF1-9859-760C2098A93E}.Debug|Any CPU.Build.0 = Debug|Any CPU
		{9B128D13-5443-4CF1-9859-760C2098A93E}.Release|Any CPU.ActiveCfg = Release|Any CPU
		{9B128D13-5443-4CF1-9859-760C2098A93E}.Release|Any CPU.Build.0 = Release|Any CPU
		{182E4D57-5937-4921-99A6-839A245705FF}.Debug|Any CPU.ActiveCfg = Debug|Any CPU
		{182E4D57-5937-4921-99A6-839A245705FF}.Debug|Any CPU.Build.0 = Debug|Any CPU
		{182E4D57-5937-4921-99A6-839A245705FF}.Release|Any CPU.ActiveCfg = Release|Any CPU
		{182E4D57-5937-4921-99A6-839A245705FF}.Release|Any CPU.Build.0 = Release|Any CPU
		{537A2FF6-D1D0-48C3-81D3-800C198BC321}.Debug|Any CPU.ActiveCfg = Debug|Any CPU
		{537A2FF6-D1D0-48C3-81D3-800C198BC321}.Debug|Any CPU.Build.0 = Debug|Any CPU
		{537A2FF6-D1D0-48C3-81D3-800C198BC321}.Release|Any CPU.ActiveCfg = Release|Any CPU
		{537A2FF6-D1D0-48C3-81D3-800C198BC321}.Release|Any CPU.Build.0 = Release|Any CPU
		{2885BF30-F13D-4394-9FF9-E5441131B91A}.Debug|Any CPU.ActiveCfg = Debug|Any CPU
		{2885BF30-F13D-4394-9FF9-E5441131B91A}.Debug|Any CPU.Build.0 = Debug|Any CPU
		{2885BF30-F13D-4394-9FF9-E5441131B91A}.Release|Any CPU.ActiveCfg = Release|Any CPU
		{2885BF30-F13D-4394-9FF9-E5441131B91A}.Release|Any CPU.Build.0 = Release|Any CPU
		{CC51DC75-66D1-4CE9-84B8-C69437D7685F}.Debug|Any CPU.ActiveCfg = Debug|Any CPU
		{CC51DC75-66D1-4CE9-84B8-C69437D7685F}.Debug|Any CPU.Build.0 = Debug|Any CPU
		{CC51DC75-66D1-4CE9-84B8-C69437D7685F}.Release|Any CPU.ActiveCfg = Release|Any CPU
		{CC51DC75-66D1-4CE9-84B8-C69437D7685F}.Release|Any CPU.Build.0 = Release|Any CPU
		{10CC1B31-A991-4E22-BB9E-596074A1D66D}.Debug|Any CPU.ActiveCfg = Debug|Any CPU
		{10CC1B31-A991-4E22-BB9E-596074A1D66D}.Debug|Any CPU.Build.0 = Debug|Any CPU
		{10CC1B31-A991-4E22-BB9E-596074A1D66D}.Release|Any CPU.ActiveCfg = Release|Any CPU
		{10CC1B31-A991-4E22-BB9E-596074A1D66D}.Release|Any CPU.Build.0 = Release|Any CPU
		{1C053845-96E5-4AC3-926A-C2EEBAAE68D6}.Debug|Any CPU.ActiveCfg = Debug|Any CPU
		{1C053845-96E5-4AC3-926A-C2EEBAAE68D6}.Debug|Any CPU.Build.0 = Debug|Any CPU
		{1C053845-96E5-4AC3-926A-C2EEBAAE68D6}.Release|Any CPU.ActiveCfg = Release|Any CPU
		{1C053845-96E5-4AC3-926A-C2EEBAAE68D6}.Release|Any CPU.Build.0 = Release|Any CPU
		{D6F332C1-C0D6-4474-A819-DF8DA4950AA4}.Debug|Any CPU.ActiveCfg = Debug|Any CPU
		{D6F332C1-C0D6-4474-A819-DF8DA4950AA4}.Debug|Any CPU.Build.0 = Debug|Any CPU
		{D6F332C1-C0D6-4474-A819-DF8DA4950AA4}.Release|Any CPU.ActiveCfg = Release|Any CPU
		{D6F332C1-C0D6-4474-A819-DF8DA4950AA4}.Release|Any CPU.Build.0 = Release|Any CPU
	EndGlobalSection
	GlobalSection(SolutionProperties) = preSolution
		HideSolutionNode = FALSE
	EndGlobalSection
	GlobalSection(NestedProjects) = preSolution
		{A897610A-1B9E-46B2-81A7-4E55BC390273} = {F133B2AF-81F5-4039-9274-09177CFF704F}
		{FDE4F375-B55A-435D-B9B2-0E9E0360488F} = {F133B2AF-81F5-4039-9274-09177CFF704F}
		{641136C9-6DFF-4F48-862C-B62733D9FA10} = {F133B2AF-81F5-4039-9274-09177CFF704F}
		{5784A0AB-4D18-4D3C-808C-D0227C24B9A8} = {F133B2AF-81F5-4039-9274-09177CFF704F}
		{4EC7857C-9FF6-4333-B914-0F4B03737173} = {F133B2AF-81F5-4039-9274-09177CFF704F}
		{5AAD9A29-1783-436D-8DB9-596CAFBDB9DB} = {5BD291F5-E06F-4B6E-BD25-DA6A71E33A4E}
		{5F73750E-0B1E-4CED-A4F7-B6B9AF3DE8AD} = {5BD291F5-E06F-4B6E-BD25-DA6A71E33A4E}
		{32A6076B-49E2-4201-9FDD-CF9AE604629A} = {5BD291F5-E06F-4B6E-BD25-DA6A71E33A4E}
		{4980ACD0-00A0-4E63-91DC-35D1555C7E29} = {5BD291F5-E06F-4B6E-BD25-DA6A71E33A4E}
		{545C047E-36C2-4A5E-B37E-B5DD5FFA35E0} = {5BD291F5-E06F-4B6E-BD25-DA6A71E33A4E}
		{9EB36E03-C253-4A4D-AB7B-7E8EDF334EB0} = {98D34F29-CB95-4835-A976-6002000F4C5D}
		{9B128D13-5443-4CF1-9859-760C2098A93E} = {98D34F29-CB95-4835-A976-6002000F4C5D}
		{182E4D57-5937-4921-99A6-839A245705FF} = {98D34F29-CB95-4835-A976-6002000F4C5D}
		{537A2FF6-D1D0-48C3-81D3-800C198BC321} = {98D34F29-CB95-4835-A976-6002000F4C5D}
		{2885BF30-F13D-4394-9FF9-E5441131B91A} = {3F279B06-572A-4412-BF04-9ABD29870C63}
		{CC51DC75-66D1-4CE9-84B8-C69437D7685F} = {3F279B06-572A-4412-BF04-9ABD29870C63}
		{10CC1B31-A991-4E22-BB9E-596074A1D66D} = {3F279B06-572A-4412-BF04-9ABD29870C63}
		{1C053845-96E5-4AC3-926A-C2EEBAAE68D6} = {3F279B06-572A-4412-BF04-9ABD29870C63}
		{D6F332C1-C0D6-4474-A819-DF8DA4950AA4} = {D4F59FEA-567A-4C51-98E2-9662AE6EB9FD}
	EndGlobalSection
	GlobalSection(ExtensibilityGlobals) = postSolution
		SolutionGuid = {39862677-D320-44EE-9336-2F78F585640B}
	EndGlobalSection
EndGlobal
